# THIS IS AN AUTOGENERATED FILE. DO NOT EDIT THIS FILE DIRECTLY.
# yarn lockfile v1


"@borewit/text-codec@^0.2.1", "@borewit/text-codec@^0.2.2":
  version "0.2.2"
  resolved "https://registry.yarnpkg.com/@borewit/text-codec/-/text-codec-0.2.2.tgz#75025f735c0983b3a871668804a57387e3649375"
  integrity sha512-DDaRehssg1aNrH4+2hnj1B7vnUGEjU6OIlyRdkMd0aUdIUvKXrJfXsy8LVtXAy7DRvYVluWbMspsRhz2lcW0mQ==

"@cacheable/memory@^2.0.8":
  version "2.0.9"
  resolved "https://registry.yarnpkg.com/@cacheable/memory/-/memory-2.0.9.tgz#22168cd7781df081ac0b3569bfbe7b4fc2c4cecd"
  integrity sha512-HdMx6DoGywB30vacDbBsITbIX4pgFqj1zsrV58jZBUw3klzkNoXhj7qOqAgledhxG7YZI5rBSJg7Zp8/VG0DuA==
  dependencies:
    "@cacheable/utils" "^2.4.1"
    "@keyv/bigmap" "^1.3.1"
    hookified "^1.15.1"
    keyv "^5.6.0"

"@cacheable/node-cache@^1.4.0":
  version "1.7.6"
  resolved "https://registry.yarnpkg.com/@cacheable/node-cache/-/node-cache-1.7.6.tgz#644dda122b53c199fce81a14b5854b32dc7a58e2"
  integrity sha512-6Omk2SgNnjtxB5f/E6bTIWIt5xhdpx39fGNRQgU9lojvRxU68v+qY+SXXLsp3ZGukqoPjsK21wZ6XABFr/Ge3A==
  dependencies:
    cacheable "^2.3.1"
    hookified "^1.14.0"
    keyv "^5.5.5"

"@cacheable/utils@^2.4.1":
  version "2.4.1"
  resolved "https://registry.yarnpkg.com/@cacheable/utils/-/utils-2.4.1.tgz#614ab46e4e2adf94785d8adaadbf40873d0eb12d"
  integrity sha512-eiFgzCbIneyMlLOmNG4g9xzF7Hv3Mga4LjxjcSC/ues6VYq2+gUbQI8JqNuw/ZM8tJIeIaBGpswAsqV2V7ApgA==
  dependencies:
    hashery "^1.5.1"
    keyv "^5.6.0"

"@hapi/boom@^9.1.3":
  version "9.1.4"
  resolved "https://registry.yarnpkg.com/@hapi/boom/-/boom-9.1.4.tgz#1f9dad367c6a7da9f8def24b4a986fc5a7bd9db6"
  integrity sha512-Ls1oH8jaN1vNsqcaHVYJrKmgMcKsC1wcp8bujvXrHaAqD2iDYq3HoOwsxwo09Cuda5R5nC0o0IxlrlTuvPuzSw==
  dependencies:
    "@hapi/hoek" "9.x.x"

"@hapi/hoek@9.x.x":
  version "9.3.0"
  resolved "https://registry.yarnpkg.com/@hapi/hoek/-/hoek-9.3.0.tgz#8368869dcb735be2e7f5cb7647de78e167a251fb"
  integrity sha512-/c6rf4UJlmHlC9b5BaNvzAcFv7HZ2QHaV0D4/HNlBdvFnvQq8RI4kYdhyPCl7Xj+oWvTWQ8ujhqS53LIgAe6KQ==

"@keyv/bigmap@^1.3.1":
  version "1.3.1"
  resolved "https://registry.yarnpkg.com/@keyv/bigmap/-/bigmap-1.3.1.tgz#fc82fa83947e7ff68c6798d08907db842771ef2c"
  integrity sha512-WbzE9sdmQtKy8vrNPa9BRnwZh5UF4s1KTmSK0KUVLo3eff5BlQNNWDnFOouNpKfPKDnms9xynJjsMYjMaT/aFQ==
  dependencies:
    hashery "^1.4.0"
    hookified "^1.15.0"

"@keyv/serialize@^1.1.1":
  version "1.1.1"
  resolved "https://registry.yarnpkg.com/@keyv/serialize/-/serialize-1.1.1.tgz#0c01dd3a3483882af7cf3878d4e71d505c81fc4a"
  integrity sha512-dXn3FZhPv0US+7dtJsIi2R+c7qWYiReoEh5zUntWCf4oSpMNib8FDhSoed6m3QyZdx5hK7iLFkYk3rNxwt8vTA==

"@pinojs/redact@^0.4.0":
  version "0.4.0"
  resolved "https://registry.yarnpkg.com/@pinojs/redact/-/redact-0.4.0.tgz#c3de060dd12640dcc838516aa2a6803cc7b2e9d6"
  integrity sha512-k2ENnmBugE/rzQfEcdWHcCY+/FM3VLzH9cYEsbdsoqrvzAKRhUZeRNhAZvB8OitQJ1TBed3yqWtdjzS6wJKBwg==

"@protobufjs/aspromise@^1.1.1", "@protobufjs/aspromise@^1.1.2":
  version "1.1.2"
  resolved "https://registry.yarnpkg.com/@protobufjs/aspromise/-/aspromise-1.1.2.tgz#9b8b0cc663d669a7d8f6f5d0893a14d348f30fbf"
  integrity sha512-j+gKExEuLmKwvz3OgROXtrJ2UG2x8Ch2YZUxahh+s1F2HZ+wAceUNLkvy6zKCPVRkU++ZWQrdxsUeQXmcg4uoQ==

"@protobufjs/base64@^1.1.2":
  version "1.1.2"
  resolved "https://registry.yarnpkg.com/@protobufjs/base64/-/base64-1.1.2.tgz#4c85730e59b9a1f1f349047dbf24296034bb2735"
  integrity sha512-AZkcAA5vnN/v4PDqKyMR5lx7hZttPDgClv83E//FMNhR2TMcLUhfRUBHCmSl0oi9zMgDDqRUJkSxO3wm85+XLg==

"@protobufjs/codegen@^2.0.5":
  version "2.0.5"
  resolved "https://registry.yarnpkg.com/@protobufjs/codegen/-/codegen-2.0.5.tgz#d9315ad7cf3f30aac70bda3c068443dc6f143659"
  integrity sha512-zgXFLzW3Ap33e6d0Wlj4MGIm6Ce8O89n/apUaGNB/jx+hw+ruWEp7EwGUshdLKVRCxZW12fp9r40E1mQrf/34g==

"@protobufjs/eventemitter@^1.1.1":
  version "1.1.1"
  resolved "https://registry.yarnpkg.com/@protobufjs/eventemitter/-/eventemitter-1.1.1.tgz#d512cb26c0ae026091ee2c1167f1be6faf5c842a"
  integrity sha512-vW1GmwMZNnL+gMRaovlh9yZX74kc+TTU3FObkkurpMaRtBfLP3ldjS9KQWlwZgraRE0+dheEEoAxdzcJQ8eXZg==

"@protobufjs/fetch@^1.1.1":
  version "1.1.1"
  resolved "https://registry.yarnpkg.com/@protobufjs/fetch/-/fetch-1.1.1.tgz#4d6fc00c8fb64016a5c81b469d549046350f1065"
  integrity sha512-GpptLrs57adMSuHi3VNj0mAF8dwh36LMaYF6XyJ6JMWlVsc+t42tm1HSEDmOs3A8fC9yyeisgLhsTVQokOZ0zw==
  dependencies:
    "@protobufjs/aspromise" "^1.1.1"

"@protobufjs/float@^1.0.2":
  version "1.0.2"
  resolved "https://registry.yarnpkg.com/@protobufjs/float/-/float-1.0.2.tgz#5e9e1abdcb73fc0a7cb8b291df78c8cbd97b87d1"
  integrity sha512-Ddb+kVXlXst9d+R9PfTIxh1EdNkgoRe5tOX6t01f1lYWOvJnSPDBlG241QLzcyPdoNTsblLUdujGSE4RzrTZGQ==

"@protobufjs/inquire@^1.1.2":
  version "1.1.2"
  resolved "https://registry.yarnpkg.com/@protobufjs/inquire/-/inquire-1.1.2.tgz#ae64fbc014ff44c8bfad03dd4c93cd2d6a4c82db"
  integrity sha512-pa0vFRuws4wkvaXKK1uXZMAwAX4/t8ANaJo45iw/oQHNQ9q5xUzwgFmVJGXiga2BeN+zpX7Vf9vmsiIa2J+MUw==

"@protobufjs/path@^1.1.2":
  version "1.1.2"
  resolved "https://registry.yarnpkg.com/@protobufjs/path/-/path-1.1.2.tgz#6cc2b20c5c9ad6ad0dccfd21ca7673d8d7fbf68d"
  integrity sha512-6JOcJ5Tm08dOHAbdR3GrvP+yUUfkjG5ePsHYczMFLq3ZmMkAD98cDgcT2iA1lJ9NVwFd4tH/iSSoe44YWkltEA==

"@protobufjs/pool@^1.1.0":
  version "1.1.0"
  resolved "https://registry.yarnpkg.com/@protobufjs/pool/-/pool-1.1.0.tgz#09fd15f2d6d3abfa9b65bc366506d6ad7846ff54"
  integrity sha512-0kELaGSIDBKvcgS4zkjz1PeddatrjYcmMWOlAuAPwAeccUrPHdUqo/J6LiymHHEiJT5NrF1UVwxY14f+fy4WQw==

"@protobufjs/utf8@^1.1.1":
  version "1.1.1"
  resolved "https://registry.yarnpkg.com/@protobufjs/utf8/-/utf8-1.1.1.tgz#eaee5900122c110a3dbcb728c0597014a2621774"
  integrity sha512-oOAWABowe8EAbMyWKM0tYDKi8Yaox52D+HWZhAIJqQXbqe0xI/GV7FhLWqlEKreMkfDjshR5FKgi3mnle0h6Eg==

"@tokenizer/inflate@^0.4.1":
  version "0.4.1"
  resolved "https://registry.yarnpkg.com/@tokenizer/inflate/-/inflate-0.4.1.tgz#fa6cdb8366151b3cc8426bf9755c1ea03a2fba08"
  integrity sha512-2mAv+8pkG6GIZiF1kNg1jAjh27IDxEPKwdGul3snfztFerfPGI1LjDezZp3i7BElXompqEtPmoPx6c2wgtWsOA==
  dependencies:
    debug "^4.4.3"
    token-types "^6.1.1"

"@tokenizer/token@^0.3.0":
  version "0.3.0"
  resolved "https://registry.yarnpkg.com/@tokenizer/token/-/token-0.3.0.tgz#fe98a93fe789247e998c75e74e9c7c63217aa276"
  integrity sha512-OvjF+z51L3ov0OyAU0duzsYuvO01PH7x4t6DJx+guahgTnBHkhJdG7soQeTSFLWN3efnHyibZ4Z8l2EuWwJN3A==

"@types/node@>=13.7.0":
  version "25.9.3"
  resolved "https://registry.yarnpkg.com/@types/node/-/node-25.9.3.tgz#11dfe7a33e68fa5c560f0aa76cc5595621ef26b9"
  integrity sha512-603BddQMv3pUcr4U2dhujk83N2tTDVr/34wII2B6bJy6g+8WD6yUb11jszNs0gdi4PesVWl7ABt8nYMVpnLUcg==
  dependencies:
    undici-types ">=7.24.0 <7.24.7"

"@whiskeysockets/baileys@^7.0.0-rc13":
  version "7.0.0-rc13"
  resolved "https://registry.yarnpkg.com/@whiskeysockets/baileys/-/baileys-7.0.0-rc13.tgz#0d014b05a3aaf461071832066734158e3cec4be8"
  integrity sha512-8JPc8gaaCRykkjW2jxLGQ7/RZGrc7awO7WU+QJocf58eSUI9jAdcuYLynzhAbyU4UWvJJsHImZ+5E/JaZj5ypA==
  dependencies:
    "@cacheable/node-cache" "^1.4.0"
    "@hapi/boom" "^9.1.3"
    async-mutex "^0.5.0"
    libsignal "^6.0.0"
    lru-cache "^11.1.0"
    music-metadata "^11.12.3"
    p-queue "^9.0.0"
    pino "^9.6"
    protobufjs "^7.5.6"
    whatsapp-rust-bridge "0.5.4"
    ws "^8.13.0"

async-mutex@^0.5.0:
  version "0.5.0"
  resolved "https://registry.yarnpkg.com/async-mutex/-/async-mutex-0.5.0.tgz#353c69a0b9e75250971a64ac203b0ebfddd75482"
  integrity sha512-1A94B18jkJ3DYq284ohPxoXbfTA5HsQ7/Mf4DEhcyLx3Bz27Rh59iScbB6EPiP+B+joue6YCxcMXSbFC1tZKwA==
  dependencies:
    tslib "^2.4.0"

atomic-sleep@^1.0.0:
  version "1.0.0"
  resolved "https://registry.yarnpkg.com/atomic-sleep/-/atomic-sleep-1.0.0.tgz#eb85b77a601fc932cfe432c5acd364a9e2c9075b"
  integrity sha512-kNOjDqAh7px0XWNI+4QbzoiR/nTkHAWNud2uvnJquD1/x5a7EQZMJT0AczqK0Qn67oY/TTQ1LbUKajZpp3I9tQ==

cacheable@^2.3.1:
  version "2.3.5"
  resolved "https://registry.yarnpkg.com/cacheable/-/cacheable-2.3.5.tgz#dc0c2a2713eef5c82f048237c5b267e25d78eaac"
  integrity sha512-EQfaKe09tl615iNvq/TBRWTFf1AKJNXYQSsMx0Z3EI0nA+pVsVPS8wJhnRlkbdacKPh1d0qVIhwTc2zsQNFEEg==
  dependencies:
    "@cacheable/memory" "^2.0.8"
    "@cacheable/utils" "^2.4.1"
    hookified "^1.15.0"
    keyv "^5.6.0"
    qified "^0.10.1"

content-type@^2.0.0:
  version "2.0.0"
  resolved "https://registry.yarnpkg.com/content-type/-/content-type-2.0.0.tgz#2fb3ede69dffa0af78ca7c4ce7589680638b56df"
  integrity sha512-j/O/d7GcZCyNl7/hwZAb606rzqkyvaDctLmckbxLzHvFBzTJHuGEdodATcP3yIRoDrLHkIATJuvzbFlp/ki2cQ==

curve25519-js@^0.0.4:
  version "0.0.4"
  resolved "https://registry.yarnpkg.com/curve25519-js/-/curve25519-js-0.0.4.tgz#e6ad967e8cd284590d657bbfc90d8b50e49ba060"
  integrity sha512-axn2UMEnkhyDUPWOwVKBMVIzSQy2ejH2xRGy1wq81dqRwApXfIzfbE3hIX0ZRFBIihf/KDqK158DLwESu4AK1w==

debug@^4.4.3:
  version "4.4.3"
  resolved "https://registry.yarnpkg.com/debug/-/debug-4.4.3.tgz#c6ae432d9bd9662582fce08709b038c58e9e3d6a"
  integrity sha512-RGwwWnwQvkVfavKVt22FGLw+xYSdzARwm0ru6DhTVA3umU5hZc28V3kO4stgYryrTlLpuvgI9GiijltAjNbcqA==
  dependencies:
    ms "^2.1.3"

dotenv@16:
  version "16.6.1"
  resolved "https://registry.yarnpkg.com/dotenv/-/dotenv-16.6.1.tgz#773f0e69527a8315c7285d5ee73c4459d20a8020"
  integrity sha512-uBq4egWHTcTt33a72vpSG0z3HnPuIl6NqYcTrKEg2azoEyl2hpW0zqlxysq2pK9HlDIHyHyakeYaYnSAwd8bow==

eventemitter3@^5.0.4:
  version "5.0.4"
  resolved "https://registry.yarnpkg.com/eventemitter3/-/eventemitter3-5.0.4.tgz#a86d66170433712dde814707ac52b5271ceb1feb"
  integrity sha512-mlsTRyGaPBjPedk6Bvw+aqbsXDtoAyAzm5MO7JgU+yVRyMQ5O8bD4Kcci7BS85f93veegeCPkL8R4GLClnjLFw==

file-type@^21.3.4:
  version "21.3.4"
  resolved "https://registry.yarnpkg.com/file-type/-/file-type-21.3.4.tgz#e3f902faee8ec4aa152909fc902a7a77f9c06725"
  integrity sha512-Ievi/yy8DS3ygGvT47PjSfdFoX+2isQueoYP1cntFW1JLYAuS4GD7NUPGg4zv2iZfV52uDyk5w5Z0TdpRS6Q1g==
  dependencies:
    "@tokenizer/inflate" "^0.4.1"
    strtok3 "^10.3.4"
    token-types "^6.1.1"
    uint8array-extras "^1.4.0"

hashery@^1.4.0, hashery@^1.5.1:
  version "1.5.1"
  resolved "https://registry.yarnpkg.com/hashery/-/hashery-1.5.1.tgz#4ba82ad54911ac617467870845d57a9fe508a400"
  integrity sha512-iZyKG96/JwPz1N55vj2Ie2vXbhu440zfUfJvSwEqEbeLluk7NnapfGqa7LH0mOsnDxTF85Mx8/dyR6HfqcbmbQ==
  dependencies:
    hookified "^1.15.0"

hookified@^1.14.0, hookified@^1.15.0, hookified@^1.15.1:
  version "1.15.1"
  resolved "https://registry.yarnpkg.com/hookified/-/hookified-1.15.1.tgz#b1fafeaa5489cdc29cb85546a8f837ed4ffbbcb6"
  integrity sha512-MvG/clsADq1GPM2KGo2nyfaWVyn9naPiXrqIe4jYjXNZQt238kWyOGrsyc/DmRAQ+Re6yeo6yX/yoNCG5KAEVg==

hookified@^2.1.1:
  version "2.2.0"
  resolved "https://registry.yarnpkg.com/hookified/-/hookified-2.2.0.tgz#1d024ac1668973dd5bcc4a96ab9ccdb7639ef8d4"
  integrity sha512-p/LgFzRN5FeoD3DLS6bkUapeye6E4SI6yJs6KetENd18S+FBthqYq2amJUWpt5z0EQwwHemidjY5OqJGEKm5uA==

ieee754@^1.2.1:
  version "1.2.1"
  resolved "https://registry.yarnpkg.com/ieee754/-/ieee754-1.2.1.tgz#8eb7a10a63fff25d15a57b001586d177d1b0d352"
  integrity sha512-dcyqhDvX1C46lXZcVqCpK+FtMRQVdIMN6/Df5js2zouUsqG7I6sFxitIC+7KYK29KdXOLHdu9zL4sFnoVQnqaA==

keyv@^5.5.5, keyv@^5.6.0:
  version "5.6.0"
  resolved "https://registry.yarnpkg.com/keyv/-/keyv-5.6.0.tgz#03044074c6b4d072d0a62c7b9fa649537baf0105"
  integrity sha512-CYDD3SOtsHtyXeEORYRx2qBtpDJFjRTGXUtmNEMGyzYOKj1TE3tycdlho7kA1Ufx9OYWZzg52QFBGALTirzDSw==
  dependencies:
    "@keyv/serialize" "^1.1.1"

libsignal@^6.0.0:
  version "6.0.0"
  resolved "https://registry.yarnpkg.com/libsignal/-/libsignal-6.0.0.tgz#b2cbd46f795b1723168db95a07cbdff813a2f76f"
  integrity sha512-d/5V3YFtDljbFMufz4ncyUYGYhJl+vzAe+c2EFFBQ6bz1h8Q3IOMEGXYMzlibU60I+e8GagMMpji18iez3P1hA==
  dependencies:
    curve25519-js "^0.0.4"
    protobufjs "^7.5.5"

long@^5.3.2:
  version "5.3.2"
  resolved "https://registry.yarnpkg.com/long/-/long-5.3.2.tgz#1d84463095999262d7d7b7f8bfd4a8cc55167f83"
  integrity sha512-mNAgZ1GmyNhD7AuqnTG3/VQ26o760+ZYBPKjPvugO8+nLbYfX6TVpJPseBvopbdY+qpZ/lKUnmEc1LeZYS3QAA==

lru-cache@^11.1.0:
  version "11.5.1"
  resolved "https://registry.yarnpkg.com/lru-cache/-/lru-cache-11.5.1.tgz#f3daa3540847b9737ebc02499ddb36765e54db4a"
  integrity sha512-RPimw/7aMdv2oqRrxKwvZXcPfwBrn/JZ2xYcY9Hus/6LaS3VOAKVWKWgNLCFSiOm1ESXinjsDlidVU7JlnCN2A==

media-typer@^2.0.0:
  version "2.0.0"
  resolved "https://registry.yarnpkg.com/media-typer/-/media-typer-2.0.0.tgz#5f43742a44d474b83ad4d1bd0f0c5cf56c0cd280"
  integrity sha512-kOy3OxT2HH39N70UnKgu4NWDZjLOz8W/mfyvniHjRH/DrL3f2pOfvWQ4p60offbbtDAnXWp0v9LfMIqMec269Q==

ms@^2.1.3:
  version "2.1.3"
  resolved "https://registry.yarnpkg.com/ms/-/ms-2.1.3.tgz#574c8138ce1d2b5861f0b44579dbadd60c6615b2"
  integrity sha512-6FlzubTLZG3J2a/NVCAleEhjzq5oxgHyaCU9yYXvcLsvoVaHJq/s5xXI6/XXP6tz7R9xAOtHnSO/tXtF3WRTlA==

music-metadata@^11.12.3:
  version "11.13.0"
  resolved "https://registry.yarnpkg.com/music-metadata/-/music-metadata-11.13.0.tgz#bb7355e8c6dc200551aa13c846bfd6ab552e723d"
  integrity sha512-uXRaov9dfjSpQufXIU7sMxVZnh+FilCQv2mXn+K5EJ/decP3dTWrgvPYa5r6MtRbieNSCE708Da4J0u1UGfQIw==
  dependencies:
    "@borewit/text-codec" "^0.2.2"
    "@tokenizer/token" "^0.3.0"
    content-type "^2.0.0"
    debug "^4.4.3"
    file-type "^21.3.4"
    media-typer "^2.0.0"
    strtok3 "^10.3.5"
    token-types "^6.1.2"
    uint8array-extras "^1.5.0"
    win-guid "^0.2.1"

on-exit-leak-free@^2.1.0:
  version "2.1.2"
  resolved "https://registry.yarnpkg.com/on-exit-leak-free/-/on-exit-leak-free-2.1.2.tgz#fed195c9ebddb7d9e4c3842f93f281ac8dadd3b8"
  integrity sha512-0eJJY6hXLGf1udHwfNftBqH+g73EU4B504nZeKpz1sYRKafAghwxEJunB2O7rDZkL4PGfsMVnTXZ2EjibbqcsA==

p-queue@^9.0.0:
  version "9.3.0"
  resolved "https://registry.yarnpkg.com/p-queue/-/p-queue-9.3.0.tgz#f2bbe6b38f1fa38dd4c8cedaa444b6249cf258e2"
  integrity sha512-7NED7xhQ74Ngp4JP/2e0VZHp7vSWfJfqeiR92jPgxsz6m0Se4P03YoTKa9dDXyZ3r6P616gUXttrB6nnHYKang==
  dependencies:
    eventemitter3 "^5.0.4"
    p-timeout "^7.0.0"

p-timeout@^7.0.0:
  version "7.0.1"
  resolved "https://registry.yarnpkg.com/p-timeout/-/p-timeout-7.0.1.tgz#95680a6aa693c530f14ac337b8bd32d4ec6ae4f0"
  integrity sha512-AxTM2wDGORHGEkPCt8yqxOTMgpfbEHqF51f/5fJCmwFC3C/zNcGT63SymH2ttOAaiIws2zVg4+izQCjrakcwHg==

pino-abstract-transport@^2.0.0:
  version "2.0.0"
  resolved "https://registry.yarnpkg.com/pino-abstract-transport/-/pino-abstract-transport-2.0.0.tgz#de241578406ac7b8a33ce0d77ae6e8a0b3b68a60"
  integrity sha512-F63x5tizV6WCh4R6RHyi2Ml+M70DNRXt/+HANowMflpgGFMAym/VKm6G7ZOQRjqN7XbGxK1Lg9t6ZrtzOaivMw==
  dependencies:
    split2 "^4.0.0"

pino-std-serializers@^7.0.0:
  version "7.1.0"
  resolved "https://registry.yarnpkg.com/pino-std-serializers/-/pino-std-serializers-7.1.0.tgz#a7b0cd65225f29e92540e7853bd73b07479893fc"
  integrity sha512-BndPH67/JxGExRgiX1dX0w1FvZck5Wa4aal9198SrRhZjH3GxKQUKIBnYJTdj2HDN3UQAS06HlfcSbQj2OHmaw==

pino@^9.6:
  version "9.14.0"
  resolved "https://registry.yarnpkg.com/pino/-/pino-9.14.0.tgz#673d9711c2d1e64d18670c1ec05ef7ba14562556"
  integrity sha512-8OEwKp5juEvb/MjpIc4hjqfgCNysrS94RIOMXYvpYCdm/jglrKEiAYmiumbmGhCvs+IcInsphYDFwqrjr7398w==
  dependencies:
    "@pinojs/redact" "^0.4.0"
    atomic-sleep "^1.0.0"
    on-exit-leak-free "^2.1.0"
    pino-abstract-transport "^2.0.0"
    pino-std-serializers "^7.0.0"
    process-warning "^5.0.0"
    quick-format-unescaped "^4.0.3"
    real-require "^0.2.0"
    safe-stable-stringify "^2.3.1"
    sonic-boom "^4.0.1"
    thread-stream "^3.0.0"

process-warning@^5.0.0:
  version "5.0.0"
  resolved "https://registry.yarnpkg.com/process-warning/-/process-warning-5.0.0.tgz#566e0bf79d1dff30a72d8bbbe9e8ecefe8d378d7"
  integrity sha512-a39t9ApHNx2L4+HBnQKqxxHNs1r7KF+Intd8Q/g1bUh6q0WIp9voPXJ/x0j+ZL45KF1pJd9+q2jLIRMfvEshkA==

protobufjs@^7.5.5, protobufjs@^7.5.6:
  version "7.6.3"
  resolved "https://registry.yarnpkg.com/protobufjs/-/protobufjs-7.6.3.tgz#92cc8806db61393e68f6a2eb742c1d9c0cafd672"
  integrity sha512-+k0vdJKNdW+Vu+dYe8tZA/VvQb6XKNWexC6URwBFXxNnjLJz9nQJCemGyNgRAWD+B7+nGNc9qMPGwcD7s4nzUw==
  dependencies:
    "@protobufjs/aspromise" "^1.1.2"
    "@protobufjs/base64" "^1.1.2"
    "@protobufjs/codegen" "^2.0.5"
    "@protobufjs/eventemitter" "^1.1.1"
    "@protobufjs/fetch" "^1.1.1"
    "@protobufjs/float" "^1.0.2"
    "@protobufjs/inquire" "^1.1.2"
    "@protobufjs/path" "^1.1.2"
    "@protobufjs/pool" "^1.1.0"
    "@protobufjs/utf8" "^1.1.1"
    "@types/node" ">=13.7.0"
    long "^5.3.2"

qified@^0.10.1:
  version "0.10.1"
  resolved "https://registry.yarnpkg.com/qified/-/qified-0.10.1.tgz#0640bf21bbe6ca540db290ad8f5fde4d870b8bda"
  integrity sha512-+Owyggi9IxT1ePKGafcI87ubSmxol6smwJ+RAHDQlx9+9cPwFWDiKFFCPuWhr9ignlGpZ9vDQLw67N4dcTVFEA==
  dependencies:
    hookified "^2.1.1"

qrcode-terminal@^0.12.0:
  version "0.12.0"
  resolved "https://registry.yarnpkg.com/qrcode-terminal/-/qrcode-terminal-0.12.0.tgz#bb5b699ef7f9f0505092a3748be4464fe71b5819"
  integrity sha512-EXtzRZmC+YGmGlDFbXKxQiMZNwCLEO6BANKXG4iCtSIM0yqc/pappSx3RIKr4r0uh5JsBckOXeKrB3Iz7mdQpQ==

quick-format-unescaped@^4.0.3:
  version "4.0.4"
  resolved "https://registry.yarnpkg.com/quick-format-unescaped/-/quick-format-unescaped-4.0.4.tgz#93ef6dd8d3453cbc7970dd614fad4c5954d6b5a7"
  integrity sha512-tYC1Q1hgyRuHgloV/YXs2w15unPVh8qfu/qCTfhTYamaw7fyhumKa2yGpdSo87vY32rIclj+4fWYQXUMs9EHvg==

real-require@^0.2.0:
  version "0.2.0"
  resolved "https://registry.yarnpkg.com/real-require/-/real-require-0.2.0.tgz#209632dea1810be2ae063a6ac084fee7e33fba78"
  integrity sha512-57frrGM/OCTLqLOAh0mhVA9VBMHd+9U7Zb2THMGdBUoZVOtGbJzjxsYGDJ3A9AYYCP4hn6y1TVbaOfzWtm5GFg==

safe-stable-stringify@^2.3.1:
  version "2.5.0"
  resolved "https://registry.yarnpkg.com/safe-stable-stringify/-/safe-stable-stringify-2.5.0.tgz#4ca2f8e385f2831c432a719b108a3bf7af42a1dd"
  integrity sha512-b3rppTKm9T+PsVCBEOUR46GWI7fdOs00VKZ1+9c1EWDaDMvjQc6tUwuFyIprgGgTcWoVHSKrU8H31ZHA2e0RHA==

sonic-boom@^4.0.1:
  version "4.2.1"
  resolved "https://registry.yarnpkg.com/sonic-boom/-/sonic-boom-4.2.1.tgz#28598250df4899c0ac572d7e2f0460690ba6a030"
  integrity sha512-w6AxtubXa2wTXAUsZMMWERrsIRAdrK0Sc+FUytWvYAhBJLyuI4llrMIC1DtlNSdI99EI86KZum2MMq3EAZlF9Q==
  dependencies:
    atomic-sleep "^1.0.0"

split2@^4.0.0:
  version "4.2.0"
  resolved "https://registry.yarnpkg.com/split2/-/split2-4.2.0.tgz#c9c5920904d148bab0b9f67145f245a86aadbfa4"
  integrity sha512-UcjcJOWknrNkF6PLX83qcHM6KHgVKNkV62Y8a5uYDVv9ydGQVwAHMKqHdJje1VTWpljG0WYpCDhrCdAOYH4TWg==

strtok3@^10.3.4, strtok3@^10.3.5:
  version "10.3.5"
  resolved "https://registry.yarnpkg.com/strtok3/-/strtok3-10.3.5.tgz#7213285da0dc3dec0fc8ce5df4b8b7a733f14360"
  integrity sha512-ki4hZQfh5rX0QDLLkOCj+h+CVNkqmp/CMf8v8kZpkNVK6jGQooMytqzLZYUVYIZcFZ6yDB70EfD8POcFXiF5oA==
  dependencies:
    "@tokenizer/token" "^0.3.0"

thread-stream@^3.0.0:
  version "3.2.0"
  resolved "https://registry.yarnpkg.com/thread-stream/-/thread-stream-3.2.0.tgz#3720b496d646c8077b57406d53ec5a5385e3938c"
  integrity sha512-zLBvqpwr4Esa0kRjcrzGU6zL25lePWaCLMx0RQFrmteozIfeNdaMLpG5U7PeHzvlFkAWaRKA9/KVW4F60iB+qw==
  dependencies:
    real-require "^0.2.0"

token-types@^6.1.1, token-types@^6.1.2:
  version "6.1.2"
  resolved "https://registry.yarnpkg.com/token-types/-/token-types-6.1.2.tgz#18d0fd59b996d421f9f83914d6101c201bd08129"
  integrity sha512-dRXchy+C0IgK8WPC6xvCHFRIWYUbqqdEIKPaKo/AcTUNzwLTK6AH7RjdLWsEZcAN/TBdtfUw3PYEgPr5VPr6ww==
  dependencies:
    "@borewit/text-codec" "^0.2.1"
    "@tokenizer/token" "^0.3.0"
    ieee754 "^1.2.1"

tslib@^2.4.0:
  version "2.8.1"
  resolved "https://registry.yarnpkg.com/tslib/-/tslib-2.8.1.tgz#612efe4ed235d567e8aba5f2a5fab70280ade83f"
  integrity sha512-oJFu94HQb+KVduSUQL7wnpmqnfmLsOA/nAh6b6EH0wCEoK0/mPeXU6c3wKDV83MkOuHPRHtSXKKU99IBazS/2w==

uint8array-extras@^1.4.0, uint8array-extras@^1.5.0:
  version "1.5.0"
  resolved "https://registry.yarnpkg.com/uint8array-extras/-/uint8array-extras-1.5.0.tgz#10d2a85213de3ada304fea1c454f635c73839e86"
  integrity sha512-rvKSBiC5zqCCiDZ9kAOszZcDvdAHwwIKJG33Ykj43OKcWsnmcBRL09YTU4nOeHZ8Y2a7l1MgTd08SBe9A8Qj6A==

"undici-types@>=7.24.0 <7.24.7":
  version "7.24.6"
  resolved "https://registry.yarnpkg.com/undici-types/-/undici-types-7.24.6.tgz#61275b485d7fd4e9d269c7cf04ec2873c9cc0f91"
  integrity sha512-WRNW+sJgj5OBN4/0JpHFqtqzhpbnV0GuB+OozA9gCL7a993SmU+1JBZCzLNxYsbMfIeDL+lTsphD5jN5N+n0zg==

whatsapp-rust-bridge@0.5.4:
  version "0.5.4"
  resolved "https://registry.yarnpkg.com/whatsapp-rust-bridge/-/whatsapp-rust-bridge-0.5.4.tgz#98a3313b4c231967cb411336e752d71cee4ed4a0"
  integrity sha512-yYO1qSs0Fe7tGtnxOFHomocUD6IZtoAgmA4oDFyGIRZ67D3QZk3w7swA6XXFXNQngiyrg2k7tul6IrM3eUFh7A==

win-guid@^0.2.1:
  version "0.2.1"
  resolved "https://registry.yarnpkg.com/win-guid/-/win-guid-0.2.1.tgz#576915ba5e10bf92ec6a32b71ab06b5f75403fc0"
  integrity sha512-gEIQU4mkgl2OPeoNrWflcJFJ3Ae2BPd4eCsHHA/XikslkIVms/nHhvnvzIZV7VLmBvtFlDOzLt9rrZT+n6D67A==

ws@^8.13.0:
  version "8.21.0"
  resolved "https://registry.yarnpkg.com/ws/-/ws-8.21.0.tgz#012e413fc07429945121b0c153158c4343086951"
  integrity sha512-Vsp28b7DRcimFQvrqu2Wek3z1iYxDCWqHYB8Qsnk/S4RfaCQzPGPyBNuVjJV3cd6UiKtUtp6sNM77gWvzcCH+g==
